
Microsoft Visual Studio Solution File, Format Version 12.00
# Visual Studio Version 17
VisualStudioVersion = 17.5.33530.505
MinimumVisualStudioVersion = 10.0.40219.1
Project("{9A19103F-16F7-4668-BE54-9A1E7A4F7556}") = "PokemonUtilsWPF", "PokemonUtilsWPF\PokemonUtilsWPF.csproj", "{38C2585A-FD0E-4B41-A8D7-C5A31D4AAF3A}"
EndProject
Project("{FAE04EC0-301F-11D3-BF4B-00C04F79EFBC}") = "Application", "Application\Application.csproj", "{69B915D1-870E-4C8A-B908-26AAA5C3E4A1}"
EndProject
Project("{FAE04EC0-301F-11D3-BF4B-00C04F79EFBC}") = "Domain", "Domain\Domain.csproj", "{A7BCED8E-6447-4ADF-AA67-30B593AE8AC3}"
EndProject
Project("{FAE04EC0-301F-11D3-BF4B-00C04F79EFBC}") = "Infrastructure", "Infrastructure\Infrastructure.csproj", "{E30ECA80-D9C5-4C65-BBEA-FC58E70202E8}"
EndProject
Global
	GlobalSection(SolutionConfigurationPlatforms) = preSolution
		Debug|Any CPU = Debug|Any CPU
		Release|Any CPU = Release|Any CPU
	EndGlobalSection
	GlobalSection(ProjectConfigurationPlatforms) = postSolution
		{38C2585A-FD0E-4B41-A8D7-C5A31D4AAF3A}.Debug|Any CPU.ActiveCfg = Debug|Any CPU
		{38C2585A-FD0E-4B41-A8D7-C5A31D4AAF3A}.Debug|Any CPU.Build.0 = Debug|Any CPU
		{38C2585A-FD0E-4B41-A8D7-C5A31D4AAF3A}.Release|Any CPU.ActiveCfg = Release|Any CPU
		{38C2585A-FD0E-4B41-A8D7-C5A31D4AAF3A}.Release|Any CPU.Build.0 = Release|Any CPU
		{69B915D1-870E-4C8A-B908-26AAA5C3E4A1}.Debug|Any CPU.ActiveCfg = Debug|Any CPU
		{69B915D1-870E-4C8A-B908-26AAA5C3E4A1}.Debug|Any CPU.Build.0 = Debug|Any CPU
		{69B915D1-870E-4C8A-B908-26AAA5C3E4A1}.Release|Any CPU.ActiveCfg = Release|Any CPU
		{69B915D1-870E-4C8A-B908-26AAA5C3E4A1}.Release|Any CPU.Build.0 = Release|Any CPU
		{A7BCED8E-6447-4ADF-AA67-30B593AE8AC3}.Debug|Any CPU.ActiveCfg = Debug|Any CPU
		{A7BCED8E-6447-4ADF-AA67-30B593AE8AC3}.Debug|Any CPU.Build.0 = Debug|Any CPU
		{A7BCED8E-6447-4ADF-AA67-30B593AE8AC3}.Release|Any CPU.ActiveCfg = Release|Any CPU
		{A7BCED8E-6447-4ADF-AA67-30B593AE8AC3}.Release|Any CPU.Build.0 = Release|Any CPU
		{E30ECA80-D9C5-4C65-BBEA-FC58E70202E8}.Debug|Any CPU.ActiveCfg = Debug|Any CPU
		{E30ECA80-D9C5-4C65-BBEA-FC58E70202E8}.Debug|Any CPU.Build.0 = Debug|Any CPU
		{E30ECA80-D9C5-4C65-BBEA-FC58E70202E8}.Release|Any CPU.ActiveCfg = Release|Any CPU
		{E30ECA80-D9C5-4C65-BBEA-FC58E70202E8}.Release|Any CPU.Build.0 = Release|Any CPU
	EndGlobalSection
	GlobalSection(SolutionProperties) = preSolution
		HideSolutionNode = FALSE
	EndGlobalSection
	GlobalSection(ExtensibilityGlobals) = postSolution
		SolutionGuid = {0660B3A9-DAF7-47E7-9CE6-16C6D26C8240}
	EndGlobalSection
EndGlobal
